
Microsoft Visual Studio Solution File, Format Version 12.00
# Visual Studio Version 17
VisualStudioVersion = 17.4.33205.214
MinimumVisualStudioVersion = 10.0.40219.1
Project("{8BC9CEB8-8B4A-11D0-8D11-00A0C91BC942}") = "A2023.1.11", "A2023.1.11\A2023.1.11.vcxproj", "{8982594B-B413-4C4B-9551-3FC2D8E4C023}"
EndProject
Global
	GlobalSection(SolutionConfigurationPlatforms) = preSolution
		Debug|x64 = Debug|x64
		Debug|x86 = Debug|x86
		Release|x64 = Release|x64
		Release|x86 = Release|x86
	EndGlobalSection
	GlobalSection(ProjectConfigurationPlatforms) = postSolution
		{8982594B-B413-4C4B-9551-3FC2D8E4C023}.Debug|x64.ActiveCfg = Debug|x64
		{8982594B-B413-4C4B-9551-3FC2D8E4C023}.Debug|x64.Build.0 = Debug|x64
		{8982594B-B413-4C4B-9551-3FC2D8E4C023}.Debug|x86.ActiveCfg = Debug|Win32
		{8982594B-B413-4C4B-9551-3FC2D8E4C023}.Debug|x86.Build.0 = Debug|Win32
		{8982594B-B413-4C4B-9551-3FC2D8E4C023}.Release|x64.ActiveCfg = Release|x64
		{8982594B-B413-4C4B-9551-3FC2D8E4C023}.Release|x64.Build.0 = Release|x64
		{8982594B-B413-4C4B-9551-3FC2D8E4C023}.Release|x86.ActiveCfg = Release|Win32
		{8982594B-B413-4C4B-9551-3FC2D8E4C023}.Release|x86.Build.0 = Release|Win32
	EndGlobalSection
	GlobalSection(SolutionProperties) = preSolution
		HideSolutionNode = FALSE
	EndGlobalSection
	GlobalSection(ExtensibilityGlobals) = postSolution
		SolutionGuid = {35F4C3E5-7DA9-41BE-A8D9-AF18FC112707}
	EndGlobalSection
EndGlobal
